// !$*UTF8*$!
{
	archiveVersion = 1;
	classes = {
	};
	objectVersion = 50;
	objects = {

/* Begin PBXBuildFile section */
		FB5641EC27187879009D62AE /* App07_ImagePuzzleApp.swift in Sources */ = {isa = PBXBuildFile; fileRef = FB5641EB27187879009D62AE /* App07_ImagePuzzleApp.swift */; };
		FB5641F02718787B009D62AE /* Assets.xcassets in Resources */ = {isa = PBXBuildFile; fileRef = FB5641EF2718787B009D62AE /* Assets.xcassets */; };
		FB5641F32718787B009D62AE /* Preview Assets.xcassets in Resources */ = {isa = PBXBuildFile; fileRef = FB5641F22718787B009D62AE /* Preview Assets.xcassets */; };
		FB5641FD271878A1009D62AE /* DataModel.swift in Sources */ = {isa = PBXBuildFile; fileRef = FB5641FC271878A1009D62AE /* DataModel.swift */; };
		FB56420127187ABB009D62AE /* Img.swift in Sources */ = {isa = PBXBuildFile; fileRef = FB56420027187ABB009D62AE /* Img.swift */; };
		FB56420827187AE6009D62AE /* PuzzleView.swift in Sources */ = {isa = PBXBuildFile; fileRef = FB56420727187AE6009D62AE /* PuzzleView.swift */; };
		FB56420C271886C6009D62AE /* DropViewDelegate.swift in Sources */ = {isa = PBXBuildFile; fileRef = FB56420B271886C6009D62AE /* DropViewDelegate.swift */; };
/* End PBXBuildFile section */

/* Begin PBXFileReference section */
		FB5641E827187879009D62AE /* App07-ImagePuzzle.app */ = {isa = PBXFileReference; explicitFileType = wrapper.application; includeInIndex = 0; path = "App07-ImagePuzzle.app"; sourceTree = BUILT_PRODUCTS_DIR; };
		FB5641EB27187879009D62AE /* App07_ImagePuzzleApp.swift */ = {isa = PBXFileReference; lastKnownFileType = sourcecode.swift; path = App07_ImagePuzzleApp.swift; sourceTree = "<group>"; };
		FB5641EF2718787B009D62AE /* Assets.xcassets */ = {isa = PBXFileReference; lastKnownFileType = folder.assetcatalog; path = Assets.xcassets; sourceTree = "<group>"; };
		FB5641F22718787B009D62AE /* Preview Assets.xcassets */ = {isa = PBXFileReference; lastKnownFileType = folder.assetcatalog; path = "Preview Assets.xcassets"; sourceTree = "<group>"; };
		FB5641F42718787B009D62AE /* Info.plist */ = {isa = PBXFileReference; lastKnownFileType = text.plist.xml; path = Info.plist; sourceTree = "<group>"; };
		FB5641FC271878A1009D62AE /* DataModel.swift */ = {isa = PBXFileReference; lastKnownFileType = sourcecode.swift; path = DataModel.swift; sourceTree = "<group>"; };
		FB56420027187ABB009D62AE /* Img.swift */ = {isa = PBXFileReference; lastKnownFileType = sourcecode.swift; path = Img.swift; sourceTree = "<group>"; };
		FB56420727187AE6009D62AE /* PuzzleView.swift */ = {isa = PBXFileReference; lastKnownFileType = sourcecode.swift; path = PuzzleView.swift; sourceTree = "<group>"; };
		FB56420B271886C6009D62AE /* DropViewDelegate.swift */ = {isa = PBXFileReference; lastKnownFileType = sourcecode.swift; path = DropViewDelegate.swift; sourceTree = "<group>"; };
/* End PBXFileReference section */

/* Begin PBXFrameworksBuildPhase section */
		FB5641E527187879009D62AE /* Frameworks */ = {
			isa = PBXFrameworksBuildPhase;
			buildActionMask = 2147483647;
			files = (
			);
			runOnlyForDeploymentPostprocessing = 0;
		};
/* End PBXFrameworksBuildPhase section */

/* Begin PBXGroup section */
		FB5641DF27187879009D62AE = {
			isa = PBXGroup;
			children = (
				FB5641EA27187879009D62AE /* App07-ImagePuzzle */,
				FB5641E927187879009D62AE /* Products */,
			);
			sourceTree = "<group>";
		};
		FB5641E927187879009D62AE /* Products */ = {
			isa = PBXGroup;
			children = (
				FB5641E827187879009D62AE /* App07-ImagePuzzle.app */,
			);
			name = Products;
			sourceTree = "<group>";
		};
		FB5641EA27187879009D62AE /* App07-ImagePuzzle */ = {
			isa = PBXGroup;
			children = (
				FB5641EB27187879009D62AE /* App07_ImagePuzzleApp.swift */,
				FB56420727187AE6009D62AE /* PuzzleView.swift */,
				FB56420B271886C6009D62AE /* DropViewDelegate.swift */,
				FB5641EF2718787B009D62AE /* Assets.xcassets */,
				FB5641FB27187894009D62AE /* Model */,
				FB5641F42718787B009D62AE /* Info.plist */,
				FB5641F12718787B009D62AE /* Preview Content */,
			);
			path = "App07-ImagePuzzle";
			sourceTree = "<group>";
		};
		FB5641F12718787B009D62AE /* Preview Content */ = {
			isa = PBXGroup;
			children = (
				FB5641F22718787B009D62AE /* Preview Assets.xcassets */,
			);
			path = "Preview Content";
			sourceTree = "<group>";
		};
		FB5641FB27187894009D62AE /* Model */ = {
			isa = PBXGroup;
			children = (
				FB5641FC271878A1009D62AE /* DataModel.swift */,
				FB56420027187ABB009D62AE /* Img.swift */,
			);
			path = Model;
			sourceTree = "<group>";
		};
/* End PBXGroup section */

/* Begin PBXNativeTarget section */
		FB5641E727187879009D62AE /* App07-ImagePuzzle */ = {
			isa = PBXNativeTarget;
			buildConfigurationList = FB5641F72718787B009D62AE /* Build configuration list for PBXNativeTarget "App07-ImagePuzzle" */;
			buildPhases = (
				FB5641E427187879009D62AE /* Sources */,
				FB5641E527187879009D62AE /* Frameworks */,
				FB5641E627187879009D62AE /* Resources */,
			);
			buildRules = (
			);
			dependencies = (
			);
			name = "App07-ImagePuzzle";
			productName = "App07-ImagePuzzle";
			productReference = FB5641E827187879009D62AE /* App07-ImagePuzzle.app */;
			productType = "com.apple.product-type.application";
		};
/* End PBXNativeTarget section */

/* Begin PBXProject section */
		FB5641E027187879009D62AE /* Project object */ = {
			isa = PBXProject;
			attributes = {
				LastSwiftUpdateCheck = 1240;
				LastUpgradeCheck = 1240;
				TargetAttributes = {
					FB5641E727187879009D62AE = {
						CreatedOnToolsVersion = 12.4;
					};
				};
			};
			buildConfigurationList = FB5641E327187879009D62AE /* Build configuration list for PBXProject "App07-ImagePuzzle" */;
			compatibilityVersion = "Xcode 9.3";
			developmentRegion = en;
			hasScannedForEncodings = 0;
			knownRegions = (
				en,
				Base,
			);
			mainGroup = FB5641DF27187879009D62AE;
			productRefGroup = FB5641E927187879009D62AE /* Products */;
			projectDirPath = "";
			projectRoot = "";
			targets = (
				FB5641E727187879009D62AE /* App07-ImagePuzzle */,
			);
		};
/* End PBXProject section */

/* Begin PBXResourcesBuildPhase section */
		FB5641E627187879009D62AE /* Resources */ = {
			isa = PBXResourcesBuildPhase;
			buildActionMask = 2147483647;
			files = (
				FB5641F32718787B009D62AE /* Preview Assets.xcassets in Resources */,
				FB5641F02718787B009D62AE /* Assets.xcassets in Resources */,
			);
			runOnlyForDeploymentPostprocessing = 0;
		};
/* End PBXResourcesBuildPhase section */

/* Begin PBXSourcesBuildPhase section */
		FB5641E427187879009D62AE /* Sources */ = {
			isa = PBXSourcesBuildPhase;
			buildActionMask = 2147483647;
			files = (
				FB56420127187ABB009D62AE /* Img.swift in Sources */,
				FB5641EC27187879009D62AE /* App07_ImagePuzzleApp.swift in Sources */,
				FB5641FD271878A1009D62AE /* DataModel.swift in Sources */,
				FB56420C271886C6009D62AE /* DropViewDelegate.swift in Sources */,
				FB56420827187AE6009D62AE /* PuzzleView.swift in Sources */,
			);
			runOnlyForDeploymentPostprocessing = 0;
		};
/* End PBXSourcesBuildPhase section */

/* Begin XCBuildConfiguration section */
		FB5641F52718787B009D62AE /* Debug */ = {
			isa = XCBuildConfiguration;
			buildSettings = {
				ALWAYS_SEARCH_USER_PATHS = NO;
				CLANG_ANALYZER_NONNULL = YES;
				CLANG_ANALYZER_NUMBER_OBJECT_CONVERSION = YES_AGGRESSIVE;
				CLANG_CXX_LANGUAGE_STANDARD = "gnu++14";
				CLANG_CXX_LIBRARY = "libc++";
				CLANG_ENABLE_MODULES = YES;
				CLANG_ENABLE_OBJC_ARC = YES;
				CLANG_ENABLE_OBJC_WEAK = YES;
				CLANG_WARN_BLOCK_CAPTURE_AUTORELEASING = YES;
				CLANG_WARN_BOOL_CONVERSION = YES;
				CLANG_WARN_COMMA = YES;
				CLANG_WARN_CONSTANT_CONVERSION = YES;
				CLANG_WARN_DEPRECATED_OBJC_IMPLEMENTATIONS = YES;
				CLANG_WARN_DIRECT_OBJC_ISA_USAGE = YES_ERROR;
				CLANG_WARN_DOCUMENTATION_COMMENTS = YES;
				CLANG_WARN_EMPTY_BODY = YES;
				CLANG_WARN_ENUM_CONVERSION = YES;
				CLANG_WARN_INFINITE_RECURSION = YES;
				CLANG_WARN_INT_CONVERSION = YES;
				CLANG_WARN_NON_LITERAL_NULL_CONVERSION = YES;
				CLANG_WARN_OBJC_IMPLICIT_RETAIN_SELF = YES;
				CLANG_WARN_OBJC_LITERAL_CONVERSION = YES;
				CLANG_WARN_OBJC_ROOT_CLASS = YES_ERROR;
				CLANG_WARN_QUOTED_INCLUDE_IN_FRAMEWORK_HEADER = YES;
				CLANG_WARN_RANGE_LOOP_ANALYSIS = YES;
				CLANG_WARN_STRICT_PROTOTYPES = YES;
				CLANG_WARN_SUSPICIOUS_MOVE = YES;
				CLANG_WARN_UNGUARDED_AVAILABILITY = YES_AGGRESSIVE;
				CLANG_WARN_UNREACHABLE_CODE = YES;
				CLANG_WARN__DUPLICATE_METHOD_MATCH = YES;
				COPY_PHASE_STRIP = NO;
				DEBUG_INFORMATION_FORMAT = dwarf;
				ENABLE_STRICT_OBJC_MSGSEND = YES;
				ENABLE_TESTABILITY = YES;
				GCC_C_LANGUAGE_STANDARD = gnu11;
				GCC_DYNAMIC_NO_PIC = NO;
				GCC_NO_COMMON_BLOCKS = YES;
				GCC_OPTIMIZATION_LEVEL = 0;
				GCC_PREPROCESSOR_DEFINITIONS = (
					"DEBUG=1",
					"$(inherited)",
				);
				GCC_WARN_64_TO_32_BIT_CONVERSION = YES;
				GCC_WARN_ABOUT_RETURN_TYPE = YES_ERROR;
				GCC_WARN_UNDECLARED_SELECTOR = YES;
				GCC_WARN_UNINITIALIZED_AUTOS = YES_AGGRESSIVE;
				GCC_WARN_UNUSED_FUNCTION = YES;
				GCC_WARN_UNUSED_VARIABLE = YES;
				IPHONEOS_DEPLOYMENT_TARGET = 14.4;
				MTL_ENABLE_DEBUG_INFO = INCLUDE_SOURCE;
				MTL_FAST_MATH = YES;
				ONLY_ACTIVE_ARCH = YES;
				SDKROOT = iphoneos;
				SWIFT_ACTIVE_COMPILATION_CONDITIONS = DEBUG;
				SWIFT_OPTIMIZATION_LEVEL = "-Onone";
			};
			name = Debug;
		};
		FB5641F62718787B009D62AE /* Release */ = {
			isa = XCBuildConfiguration;
			buildSettings = {
				ALWAYS_SEARCH_USER_PATHS = NO;
				CLANG_ANALYZER_NONNULL = YES;
				CLANG_ANALYZER_NUMBER_OBJECT_CONVERSION = YES_AGGRESSIVE;
				CLANG_CXX_LANGUAGE_STANDARD = "gnu++14";
				CLANG_CXX_LIBRARY = "libc++";
				CLANG_ENABLE_MODULES = YES;
				CLANG_ENABLE_OBJC_ARC = YES;
				CLANG_ENABLE_OBJC_WEAK = YES;
				CLANG_WARN_BLOCK_CAPTURE_AUTORELEASING = YES;
				CLANG_WARN_BOOL_CONVERSION = YES;
				CLANG_WARN_COMMA = YES;
				CLANG_WARN_CONSTANT_CONVERSION = YES;
				CLANG_WARN_DEPRECATED_OBJC_IMPLEMENTATIONS = YES;
				CLANG_WARN_DIRECT_OBJC_ISA_USAGE = YES_ERROR;
				CLANG_WARN_DOCUMENTATION_COMMENTS = YES;
				CLANG_WARN_EMPTY_BODY = YES;
				CLANG_WARN_ENUM_CONVERSION = YES;
				CLANG_WARN_INFINITE_RECURSION = YES;
				CLANG_WARN_INT_CONVERSION = YES;
				CLANG_WARN_NON_LITERAL_NULL_CONVERSION = YES;
				CLANG_WARN_OBJC_IMPLICIT_RETAIN_SELF = YES;
				CLANG_WARN_OBJC_LITERAL_CONVERSION = YES;
				CLANG_WARN_OBJC_ROOT_CLASS = YES_ERROR;
				CLANG_WARN_QUOTED_INCLUDE_IN_FRAMEWORK_HEADER = YES;
				CLANG_WARN_RANGE_LOOP_ANALYSIS = YES;
				CLANG_WARN_STRICT_PROTOTYPES = YES;
				CLANG_WARN_SUSPICIOUS_MOVE = YES;
				CLANG_WARN_UNGUARDED_AVAILABILITY = YES_AGGRESSIVE;
				CLANG_WARN_UNREACHABLE_CODE = YES;
				CLANG_WARN__DUPLICATE_METHOD_MATCH = YES;
				COPY_PHASE_STRIP = NO;
				DEBUG_INFORMATION_FORMAT = "dwarf-with-dsym";
				ENABLE_NS_ASSERTIONS = NO;
				ENABLE_STRICT_OBJC_MSGSEND = YES;
				GCC_C_LANGUAGE_STANDARD = gnu11;
				GCC_NO_COMMON_BLOCKS = YES;
				GCC_WARN_64_TO_32_BIT_CONVERSION = YES;
				GCC_WARN_ABOUT_RETURN_TYPE = YES_ERROR;
				GCC_WARN_UNDECLARED_SELECTOR = YES;
				GCC_WARN_UNINITIALIZED_AUTOS = YES_AGGRESSIVE;
				GCC_WARN_UNUSED_FUNCTION = YES;
				GCC_WARN_UNUSED_VARIABLE = YES;
				IPHONEOS_DEPLOYMENT_TARGET = 14.4;
				MTL_ENABLE_DEBUG_INFO = NO;
				MTL_FAST_MATH = YES;
				SDKROOT = iphoneos;
				SWIFT_COMPILATION_MODE = wholemodule;
				SWIFT_OPTIMIZATION_LEVEL = "-O";
				VALIDATE_PRODUCT = YES;
			};
			name = Release;
		};
		FB5641F82718787B009D62AE /* Debug */ = {
			isa = XCBuildConfiguration;
			buildSettings = {
				ASSETCATALOG_COMPILER_APPICON_NAME = AppIcon;
				ASSETCATALOG_COMPILER_GLOBAL_ACCENT_COLOR_NAME = AccentColor;
				CODE_SIGN_STYLE = Automatic;
				DEVELOPMENT_ASSET_PATHS = "\"App07-ImagePuzzle/Preview Content\"";
				ENABLE_PREVIEWS = YES;
				INFOPLIST_FILE = "App07-ImagePuzzle/Info.plist";
				IPHONEOS_DEPLOYMENT_TARGET = 14.0;
				LD_RUNPATH_SEARCH_PATHS = (
					"$(inherited)",
					"@executable_path/Frameworks",
				);
				PRODUCT_BUNDLE_IDENTIFIER = "A00828633.App07-ImagePuzzle";
				PRODUCT_NAME = "$(TARGET_NAME)";
				SWIFT_VERSION = 5.0;
				TARGETED_DEVICE_FAMILY = "1,2";
			};
			name = Debug;
		};
		FB5641F92718787B009D62AE /* Release */ = {
			isa = XCBuildConfiguration;
			buildSettings = {
				ASSETCATALOG_COMPILER_APPICON_NAME = AppIcon;
				ASSETCATALOG_COMPILER_GLOBAL_ACCENT_COLOR_NAME = AccentColor;
				CODE_SIGN_STYLE = Automatic;
				DEVELOPMENT_ASSET_PATHS = "\"App07-ImagePuzzle/Preview Content\"";
				ENABLE_PREVIEWS = YES;
				INFOPLIST_FILE = "App07-ImagePuzzle/Info.plist";
				IPHONEOS_DEPLOYMENT_TARGET = 14.0;
				LD_RUNPATH_SEARCH_PATHS = (
					"$(inherited)",
					"@executable_path/Frameworks",
				);
				PRODUCT_BUNDLE_IDENTIFIER = "A00828633.App07-ImagePuzzle";
				PRODUCT_NAME = "$(TARGET_NAME)";
				SWIFT_VERSION = 5.0;
				TARGETED_DEVICE_FAMILY = "1,2";
			};
			name = Release;
		};
/* End XCBuildConfiguration section */

/* Begin XCConfigurationList section */
		FB5641E327187879009D62AE /* Build configuration list for PBXProject "App07-ImagePuzzle" */ = {
			isa = XCConfigurationList;
			buildConfigurations = (
				FB5641F52718787B009D62AE /* Debug */,
				FB5641F62718787B009D62AE /* Release */,
			);
			defaultConfigurationIsVisible = 0;
			defaultConfigurationName = Release;
		};
		FB5641F72718787B009D62AE /* Build configuration list for PBXNativeTarget "App07-ImagePuzzle" */ = {
			isa = XCConfigurationList;
			buildConfigurations = (
				FB5641F82718787B009D62AE /* Debug */,
				FB5641F92718787B009D62AE /* Release */,
			);
			defaultConfigurationIsVisible = 0;
			defaultConfigurationName = Release;
		};
/* End XCConfigurationList section */
	};
	rootObject = FB5641E027187879009D62AE /* Project object */;
}
